// !$*UTF8*$!
{
    archiveVersion = 1;
    classes = {
    };
    objectVersion = 54;
    objects = {
        /* This is a simplified placeholder for the project.pbxproj file */
        /* The actual file will be generated by Expo when building for iOS */
    };
    rootObject = 83CBB9F71A601CBA00E9B192 /* Project object */;
} 